
Microsoft Visual Studio Solution File, Format Version 12.00
# Visual Studio Version 16
VisualStudioVersion = 16.0.30011.22
MinimumVisualStudioVersion = 10.0.40219.1
Project("{888888A0-9F3D-457C-B088-3A5042F75D52}") = "projectSurvey", "projectSurvey\projectSurvey.pyproj", "{F4FCD2CD-91E1-4FF4-A872-D47C8ABB2DEB}"
EndProject
Global
	GlobalSection(SolutionConfigurationPlatforms) = preSolution
		Debug|Any CPU = Debug|Any CPU
		Release|Any CPU = Release|Any CPU
	EndGlobalSection
	GlobalSection(ProjectConfigurationPlatforms) = postSolution
		{F4FCD2CD-91E1-4FF4-A872-D47C8ABB2DEB}.Debug|Any CPU.ActiveCfg = Debug|Any CPU
		{F4FCD2CD-91E1-4FF4-A872-D47C8ABB2DEB}.Release|Any CPU.ActiveCfg = Release|Any CPU
	EndGlobalSection
	GlobalSection(SolutionProperties) = preSolution
		HideSolutionNode = FALSE
	EndGlobalSection
	GlobalSection(ExtensibilityGlobals) = postSolution
		SolutionGuid = {FEA41DA8-A2F2-4ABF-A949-E8559FCF251D}
	EndGlobalSection
EndGlobal
